github.com/judoDSL/judo_utils v0.0.0-20221212223426-5c8fbd81ed8b h1:KKuycYRhUzyBabk9ohIu+WN5Pbk0j5gaLDemPQYXh/I=
github.com/judoDSL/judo_utils v0.0.0-20221212223426-5c8fbd81ed8b/go.mod h1:iMKZC0R19aOFHokukkjnms44J9qK+YRB4tCQ6x99B6o=
github.com/judoDSL/judo_utils v0.0.0-20221212224419-0324e66d7682 h1:9QNOiNG2FfRqoJ4ODunhJ1DCEy02BCLoV7QXePf0G9Q=
github.com/judoDSL/judo_utils v0.0.0-20221212224419-0324e66d7682/go.mod h1:iMKZC0R19aOFHokukkjnms44J9qK+YRB4tCQ6x99B6o=
